
Microsoft Visual Studio Solution File, Format Version 12.00
# Visual Studio Version 17
VisualStudioVersion = 17.4.33213.308
MinimumVisualStudioVersion = 10.0.40219.1
Project("{2150E333-8FDC-42A3-9474-1A3956D46DE8}") = "Microservices", "Microservices", "{3053644C-13FC-46F0-92EB-594C4A2D4A6E}"
EndProject
Project("{FAE04EC0-301F-11D3-BF4B-00C04F79EFBC}") = "CustomerWebApi", "CustomerWebApi\CustomerWebApi.csproj", "{27929264-5791-4410-88F9-90600036CDE6}"
EndProject
Project("{E53339B2-1760-4266-BCC7-CA923CBCF16C}") = "docker-compose", "docker-compose.dcproj", "{71FCA299-1555-4462-AA09-E8609B941373}"
EndProject
Global
	GlobalSection(SolutionConfigurationPlatforms) = preSolution
		Debug|Any CPU = Debug|Any CPU
		Release|Any CPU = Release|Any CPU
	EndGlobalSection
	GlobalSection(ProjectConfigurationPlatforms) = postSolution
		{27929264-5791-4410-88F9-90600036CDE6}.Debug|Any CPU.ActiveCfg = Debug|Any CPU
		{27929264-5791-4410-88F9-90600036CDE6}.Debug|Any CPU.Build.0 = Debug|Any CPU
		{27929264-5791-4410-88F9-90600036CDE6}.Release|Any CPU.ActiveCfg = Release|Any CPU
		{27929264-5791-4410-88F9-90600036CDE6}.Release|Any CPU.Build.0 = Release|Any CPU
		{71FCA299-1555-4462-AA09-E8609B941373}.Debug|Any CPU.ActiveCfg = Debug|Any CPU
		{71FCA299-1555-4462-AA09-E8609B941373}.Debug|Any CPU.Build.0 = Debug|Any CPU
		{71FCA299-1555-4462-AA09-E8609B941373}.Release|Any CPU.ActiveCfg = Release|Any CPU
		{71FCA299-1555-4462-AA09-E8609B941373}.Release|Any CPU.Build.0 = Release|Any CPU
	EndGlobalSection
	GlobalSection(SolutionProperties) = preSolution
		HideSolutionNode = FALSE
	EndGlobalSection
	GlobalSection(NestedProjects) = preSolution
		{27929264-5791-4410-88F9-90600036CDE6} = {3053644C-13FC-46F0-92EB-594C4A2D4A6E}
	EndGlobalSection
	GlobalSection(ExtensibilityGlobals) = postSolution
		SolutionGuid = {2D578C87-3B70-4122-B9E8-98D8213BBA64}
	EndGlobalSection
EndGlobal
