
Microsoft Visual Studio Solution File, Format Version 12.00
# Visual Studio Version 17
VisualStudioVersion = 17.4.33213.308
MinimumVisualStudioVersion = 10.0.40219.1
Project("{2150E333-8FDC-42A3-9474-1A3956D46DE8}") = "Microservices", "Microservices", "{3053644C-13FC-46F0-92EB-594C4A2D4A6E}"
EndProject
Project("{9A19103F-16F7-4668-BE54-9A1E7A4F7556}") = "CustomerApi", "CustomerWebApi\CustomerApi.csproj", "{27929264-5791-4410-88F9-90600036CDE6}"
EndProject
Project("{E53339B2-1760-4266-BCC7-CA923CBCF16C}") = "docker-compose", "docker-compose.dcproj", "{71FCA299-1555-4462-AA09-E8609B941373}"
EndProject
Project("{2150E333-8FDC-42A3-9474-1A3956D46DE8}") = "ApiGateway", "ApiGateway", "{B3A44C5B-7500-49BB-A7E9-8685EFA63598}"
EndProject
Project("{9A19103F-16F7-4668-BE54-9A1E7A4F7556}") = "SidamTramWebUi", "..\SidamTramWebUi\SidamTramWebUi.csproj", "{5E0A8965-46D1-432F-B64E-7A9409EDE264}"
EndProject
Project("{9A19103F-16F7-4668-BE54-9A1E7A4F7556}") = "ProductApi", "..\ProductApi\ProductApi.csproj", "{20E98D61-5872-4F2E-AD3B-4F7E072EBFF0}"
EndProject
Project("{9A19103F-16F7-4668-BE54-9A1E7A4F7556}") = "OrderApi", "..\OrderApi\OrderApi.csproj", "{46ADFE4E-48AF-4B72-BD3C-4C917E59E2AF}"
EndProject
Project("{FAE04EC0-301F-11D3-BF4B-00C04F79EFBC}") = "SharedModels", "..\SharedModels\SharedModels.csproj", "{3FDD4478-DAC5-4A93-83BD-D7DFD32FAB63}"
EndProject
Global
	GlobalSection(SolutionConfigurationPlatforms) = preSolution
		Debug|Any CPU = Debug|Any CPU
		Release|Any CPU = Release|Any CPU
	EndGlobalSection
	GlobalSection(ProjectConfigurationPlatforms) = postSolution
		{27929264-5791-4410-88F9-90600036CDE6}.Debug|Any CPU.ActiveCfg = Debug|Any CPU
		{27929264-5791-4410-88F9-90600036CDE6}.Debug|Any CPU.Build.0 = Debug|Any CPU
		{27929264-5791-4410-88F9-90600036CDE6}.Release|Any CPU.ActiveCfg = Release|Any CPU
		{27929264-5791-4410-88F9-90600036CDE6}.Release|Any CPU.Build.0 = Release|Any CPU
		{71FCA299-1555-4462-AA09-E8609B941373}.Debug|Any CPU.ActiveCfg = Debug|Any CPU
		{71FCA299-1555-4462-AA09-E8609B941373}.Debug|Any CPU.Build.0 = Debug|Any CPU
		{71FCA299-1555-4462-AA09-E8609B941373}.Release|Any CPU.ActiveCfg = Release|Any CPU
		{71FCA299-1555-4462-AA09-E8609B941373}.Release|Any CPU.Build.0 = Release|Any CPU
		{5E0A8965-46D1-432F-B64E-7A9409EDE264}.Debug|Any CPU.ActiveCfg = Debug|Any CPU
		{5E0A8965-46D1-432F-B64E-7A9409EDE264}.Debug|Any CPU.Build.0 = Debug|Any CPU
		{5E0A8965-46D1-432F-B64E-7A9409EDE264}.Release|Any CPU.ActiveCfg = Release|Any CPU
		{5E0A8965-46D1-432F-B64E-7A9409EDE264}.Release|Any CPU.Build.0 = Release|Any CPU
		{20E98D61-5872-4F2E-AD3B-4F7E072EBFF0}.Debug|Any CPU.ActiveCfg = Debug|Any CPU
		{20E98D61-5872-4F2E-AD3B-4F7E072EBFF0}.Debug|Any CPU.Build.0 = Debug|Any CPU
		{20E98D61-5872-4F2E-AD3B-4F7E072EBFF0}.Release|Any CPU.ActiveCfg = Release|Any CPU
		{20E98D61-5872-4F2E-AD3B-4F7E072EBFF0}.Release|Any CPU.Build.0 = Release|Any CPU
		{46ADFE4E-48AF-4B72-BD3C-4C917E59E2AF}.Debug|Any CPU.ActiveCfg = Debug|Any CPU
		{46ADFE4E-48AF-4B72-BD3C-4C917E59E2AF}.Debug|Any CPU.Build.0 = Debug|Any CPU
		{46ADFE4E-48AF-4B72-BD3C-4C917E59E2AF}.Release|Any CPU.ActiveCfg = Release|Any CPU
		{46ADFE4E-48AF-4B72-BD3C-4C917E59E2AF}.Release|Any CPU.Build.0 = Release|Any CPU
		{3FDD4478-DAC5-4A93-83BD-D7DFD32FAB63}.Debug|Any CPU.ActiveCfg = Debug|Any CPU
		{3FDD4478-DAC5-4A93-83BD-D7DFD32FAB63}.Debug|Any CPU.Build.0 = Debug|Any CPU
		{3FDD4478-DAC5-4A93-83BD-D7DFD32FAB63}.Release|Any CPU.ActiveCfg = Release|Any CPU
		{3FDD4478-DAC5-4A93-83BD-D7DFD32FAB63}.Release|Any CPU.Build.0 = Release|Any CPU
	EndGlobalSection
	GlobalSection(SolutionProperties) = preSolution
		HideSolutionNode = FALSE
	EndGlobalSection
	GlobalSection(NestedProjects) = preSolution
		{27929264-5791-4410-88F9-90600036CDE6} = {3053644C-13FC-46F0-92EB-594C4A2D4A6E}
		{5E0A8965-46D1-432F-B64E-7A9409EDE264} = {B3A44C5B-7500-49BB-A7E9-8685EFA63598}
		{20E98D61-5872-4F2E-AD3B-4F7E072EBFF0} = {3053644C-13FC-46F0-92EB-594C4A2D4A6E}
		{46ADFE4E-48AF-4B72-BD3C-4C917E59E2AF} = {3053644C-13FC-46F0-92EB-594C4A2D4A6E}
		{3FDD4478-DAC5-4A93-83BD-D7DFD32FAB63} = {3053644C-13FC-46F0-92EB-594C4A2D4A6E}
	EndGlobalSection
	GlobalSection(ExtensibilityGlobals) = postSolution
		SolutionGuid = {2D578C87-3B70-4122-B9E8-98D8213BBA64}
	EndGlobalSection
EndGlobal
